
Microsoft Visual Studio Solution File, Format Version 12.00
# Visual Studio Version 17
VisualStudioVersion = 17.8.34408.163
MinimumVisualStudioVersion = 10.0.40219.1
Project("{FAE04EC0-301F-11D3-BF4B-00C04F79EFBC}") = "AnalyticsInterviewTask", "AnalyticsInterviewTask.csproj", "{3434D7BF-3008-4C93-8B59-1E04A20034FE}"
EndProject
Global
	GlobalSection(SolutionConfigurationPlatforms) = preSolution
		Debug|Any CPU = Debug|Any CPU
		Release|Any CPU = Release|Any CPU
	EndGlobalSection
	GlobalSection(ProjectConfigurationPlatforms) = postSolution
		{3434D7BF-3008-4C93-8B59-1E04A20034FE}.Debug|Any CPU.ActiveCfg = Debug|Any CPU
		{3434D7BF-3008-4C93-8B59-1E04A20034FE}.Debug|Any CPU.Build.0 = Debug|Any CPU
		{3434D7BF-3008-4C93-8B59-1E04A20034FE}.Release|Any CPU.ActiveCfg = Release|Any CPU
		{3434D7BF-3008-4C93-8B59-1E04A20034FE}.Release|Any CPU.Build.0 = Release|Any CPU
	EndGlobalSection
	GlobalSection(SolutionProperties) = preSolution
		HideSolutionNode = FALSE
	EndGlobalSection
	GlobalSection(ExtensibilityGlobals) = postSolution
		SolutionGuid = {B62D98D1-01A2-42FB-9356-519A83C15F6E}
	EndGlobalSection
EndGlobal
